
Microsoft Visual Studio Solution File, Format Version 12.00
# Visual Studio Version 18
VisualStudioVersion = 18.2.11415.280 d18.0
MinimumVisualStudioVersion = 10.0.40219.1
Project("{8BC9CEB8-8B4A-11D0-8D11-00A0C91BC942}") = "otclient", "otclient.vcxproj", "{17A8F78F-1FFB-4128-A3B3-59CC6C19D89A}"
EndProject
Global
	GlobalSection(SolutionConfigurationPlatforms) = preSolution
		Debug|x64 = Debug|x64
		Debug|x86 = Debug|x86
		DirectX|x64 = DirectX|x64
		DirectX|x86 = DirectX|x86
		OpenGL|x64 = OpenGL|x64
		OpenGL|x86 = OpenGL|x86
	EndGlobalSection
	GlobalSection(ProjectConfigurationPlatforms) = postSolution
		{17A8F78F-1FFB-4128-A3B3-59CC6C19D89A}.Debug|x64.ActiveCfg = Debug|x64
		{17A8F78F-1FFB-4128-A3B3-59CC6C19D89A}.Debug|x64.Build.0 = Debug|x64
		{17A8F78F-1FFB-4128-A3B3-59CC6C19D89A}.Debug|x86.ActiveCfg = Debug|Win32
		{17A8F78F-1FFB-4128-A3B3-59CC6C19D89A}.Debug|x86.Build.0 = Debug|Win32
		{17A8F78F-1FFB-4128-A3B3-59CC6C19D89A}.DirectX|x64.ActiveCfg = DirectX|x64
		{17A8F78F-1FFB-4128-A3B3-59CC6C19D89A}.DirectX|x64.Build.0 = DirectX|x64
		{17A8F78F-1FFB-4128-A3B3-59CC6C19D89A}.DirectX|x86.ActiveCfg = DirectX|Win32
		{17A8F78F-1FFB-4128-A3B3-59CC6C19D89A}.DirectX|x86.Build.0 = DirectX|Win32
		{17A8F78F-1FFB-4128-A3B3-59CC6C19D89A}.OpenGL|x64.ActiveCfg = OpenGL|x64
		{17A8F78F-1FFB-4128-A3B3-59CC6C19D89A}.OpenGL|x64.Build.0 = OpenGL|x64
		{17A8F78F-1FFB-4128-A3B3-59CC6C19D89A}.OpenGL|x86.ActiveCfg = OpenGL|Win32
		{17A8F78F-1FFB-4128-A3B3-59CC6C19D89A}.OpenGL|x86.Build.0 = OpenGL|Win32
	EndGlobalSection
	GlobalSection(SolutionProperties) = preSolution
		HideSolutionNode = FALSE
	EndGlobalSection
	GlobalSection(ExtensibilityGlobals) = postSolution
		SolutionGuid = {3DC5C40D-A1A6-412A-A908-37EA7E44F91B}
	EndGlobalSection
EndGlobal
